{
  "name": "vocabpal-learning",
  "version": "1.0.0",
  "lockfileVersion": 3,
  "requires": true,
  "packages": {
    "": {
      "name": "vocabpal-learning",
      "version": "1.0.0",
      "license": "ISC",
      "workspaces": [
        "extension",
        "web",
        "shared"
      ],
      "devDependencies": {
        "typescript": "^5.9.3"
      }
    },
    "extension": {
      "name": "@vocabpal/extension",
      "version": "1.0.0",
      "license": "ISC"
    },
    "node_modules/@vocabpal/extension": {
      "resolved": "extension",
      "link": true
    },
    "node_modules/@vocabpal/shared": {
      "resolved": "shared",
      "link": true
    },
    "node_modules/@vocabpal/web": {
      "resolved": "web",
      "link": true
    },
    "node_modules/typescript": {
      "version": "5.9.3",
      "resolved": "https://registry.npmjs.org/typescript/-/typescript-5.9.3.tgz",
      "integrity": "sha512-jl1vZzPDinLr9eUt3J/t7V6FgNEw9QjvBPdysz9KfQDD41fQrC2Y4vKQdiaUpFT4bXlb1RHhLpp8wtm6M5TgSw==",
      "dev": true,
      "license": "Apache-2.0",
      "bin": {
        "tsc": "bin/tsc",
        "tsserver": "bin/tsserver"
      },
      "engines": {
        "node": ">=14.17"
      }
    },
    "shared": {
      "name": "@vocabpal/shared",
      "version": "1.0.0",
      "license": "ISC",
      "devDependencies": {}
    },
    "web": {
      "name": "@vocabpal/web",
      "version": "1.0.0",
      "license": "ISC",
      "devDependencies": {}
    }
  }
}
